PODS:
  - Nocilla (0.10.0)
  - SwiftyJSON (2.2.0)

DEPENDENCIES:
  - Nocilla
  - SwiftyJSON (from `https://github.com/SwiftyJSON/SwiftyJSON.git`, branch `xcode7`)

EXTERNAL SOURCES:
  SwiftyJSON:
    :branch: xcode7
    :git: https://github.com/SwiftyJSON/SwiftyJSON.git

CHECKOUT OPTIONS:
  SwiftyJSON:
    :commit: fb9f6b43cd8d3684c3129793057eb2a2564e2430
    :git: https://github.com/SwiftyJSON/SwiftyJSON.git

SPEC CHECKSUMS:
  Nocilla: ae0a2b05f3087b473624ac2b25903695df51246a
  SwiftyJSON: 0b3e6c07af17ff745e77e8e9984097b55c956e5c

COCOAPODS: 0.38.0.beta.2
