// !$*UTF8*$!
{
	archiveVersion = 1;
	classes = {
	};
	objectVersion = 46;
	objects = {

/* Begin PBXBuildFile section */
		389FC41A1B556EDE001D6F9B /* article.json in Resources */ = {isa = PBXBuildFile; fileRef = 389FC3E31B556EDE001D6F9B /* article.json */; };
		389FC41B1B556EDE001D6F9B /* articles.json in Resources */ = {isa = PBXBuildFile; fileRef = 389FC3E41B556EDE001D6F9B /* articles.json */; };
		389FC41C1B556EDE001D6F9B /* asset.json in Resources */ = {isa = PBXBuildFile; fileRef = 389FC3E61B556EDE001D6F9B /* asset.json */; };
		389FC41D1B556EDE001D6F9B /* assets.json in Resources */ = {isa = PBXBuildFile; fileRef = 389FC3E71B556EDE001D6F9B /* assets.json */; };
		389FC41E1B556EDE001D6F9B /* comment.json in Resources */ = {isa = PBXBuildFile; fileRef = 389FC3E91B556EDE001D6F9B /* comment.json */; };
		389FC41F1B556EDE001D6F9B /* comments.json in Resources */ = {isa = PBXBuildFile; fileRef = 389FC3EA1B556EDE001D6F9B /* comments.json */; };
		389FC4201B556EDE001D6F9B /* content_partial.json in Resources */ = {isa = PBXBuildFile; fileRef = 389FC3EC1B556EDE001D6F9B /* content_partial.json */; };
		389FC4211B556EDE001D6F9B /* content_partials.json in Resources */ = {isa = PBXBuildFile; fileRef = 389FC3ED1B556EDE001D6F9B /* content_partials.json */; };
		389FC4221B556EDE001D6F9B /* content.json in Resources */ = {isa = PBXBuildFile; fileRef = 389FC3EF1B556EDE001D6F9B /* content.json */; };
		389FC4231B556EDE001D6F9B /* contents.json in Resources */ = {isa = PBXBuildFile; fileRef = 389FC3F01B556EDE001D6F9B /* contents.json */; };
		389FC4241B556EDE001D6F9B /* element_definition.json in Resources */ = {isa = PBXBuildFile; fileRef = 389FC3F21B556EDE001D6F9B /* element_definition.json */; };
		389FC4251B556EDE001D6F9B /* element_definitions.json in Resources */ = {isa = PBXBuildFile; fileRef = 389FC3F31B556EDE001D6F9B /* element_definitions.json */; };
		389FC4261B556EDE001D6F9B /* element.json in Resources */ = {isa = PBXBuildFile; fileRef = 389FC3F51B556EDE001D6F9B /* element.json */; };
		389FC4271B556EDE001D6F9B /* elements.json in Resources */ = {isa = PBXBuildFile; fileRef = 389FC3F61B556EDE001D6F9B /* elements.json */; };
		389FC4281B556EDE001D6F9B /* form.json in Resources */ = {isa = PBXBuildFile; fileRef = 389FC3F81B556EDE001D6F9B /* form.json */; };
		389FC4291B556EDE001D6F9B /* forms.json in Resources */ = {isa = PBXBuildFile; fileRef = 389FC3F91B556EDE001D6F9B /* forms.json */; };
		389FC42A1B556EDE001D6F9B /* language.json in Resources */ = {isa = PBXBuildFile; fileRef = 389FC3FB1B556EDE001D6F9B /* language.json */; };
		389FC42B1B556EDE001D6F9B /* languages.json in Resources */ = {isa = PBXBuildFile; fileRef = 389FC3FC1B556EDE001D6F9B /* languages.json */; };
		389FC42C1B556EDE001D6F9B /* layout_asset.json in Resources */ = {isa = PBXBuildFile; fileRef = 389FC3FE1B556EDE001D6F9B /* layout_asset.json */; };
		389FC42D1B556EDE001D6F9B /* layout_assets.json in Resources */ = {isa = PBXBuildFile; fileRef = 389FC3FF1B556EDE001D6F9B /* layout_assets.json */; };
		389FC42E1B556EDE001D6F9B /* layout.json in Resources */ = {isa = PBXBuildFile; fileRef = 389FC4011B556EDE001D6F9B /* layout.json */; };
		389FC42F1B556EDE001D6F9B /* layouts.json in Resources */ = {isa = PBXBuildFile; fileRef = 389FC4021B556EDE001D6F9B /* layouts.json */; };
		389FC4301B556EDE001D6F9B /* media_set.json in Resources */ = {isa = PBXBuildFile; fileRef = 389FC4041B556EDE001D6F9B /* media_set.json */; };
		389FC4311B556EDE001D6F9B /* media_sets.json in Resources */ = {isa = PBXBuildFile; fileRef = 389FC4051B556EDE001D6F9B /* media_sets.json */; };
		389FC4321B556EDE001D6F9B /* node.json in Resources */ = {isa = PBXBuildFile; fileRef = 389FC4071B556EDE001D6F9B /* node.json */; };
		389FC4331B556EDE001D6F9B /* nodes.json in Resources */ = {isa = PBXBuildFile; fileRef = 389FC4081B556EDE001D6F9B /* nodes.json */; };
		389FC4341B556EDE001D6F9B /* page.json in Resources */ = {isa = PBXBuildFile; fileRef = 389FC40A1B556EDE001D6F9B /* page.json */; };
		389FC4351B556EDE001D6F9B /* pages.json in Resources */ = {isa = PBXBuildFile; fileRef = 389FC40B1B556EDE001D6F9B /* pages.json */; };
		389FC4361B556EDE001D6F9B /* people.json in Resources */ = {isa = PBXBuildFile; fileRef = 389FC40D1B556EDE001D6F9B /* people.json */; };
		389FC4371B556EDE001D6F9B /* person.json in Resources */ = {isa = PBXBuildFile; fileRef = 389FC40E1B556EDE001D6F9B /* person.json */; };
		389FC4381B556EDE001D6F9B /* site.json in Resources */ = {isa = PBXBuildFile; fileRef = 389FC4101B556EDE001D6F9B /* site.json */; };
		389FC4391B556EDE001D6F9B /* tag.json in Resources */ = {isa = PBXBuildFile; fileRef = 389FC4121B556EDE001D6F9B /* tag.json */; };
		389FC43A1B556EDE001D6F9B /* tags.json in Resources */ = {isa = PBXBuildFile; fileRef = 389FC4131B556EDE001D6F9B /* tags.json */; };
		389FC43B1B556EDE001D6F9B /* text.json in Resources */ = {isa = PBXBuildFile; fileRef = 389FC4151B556EDE001D6F9B /* text.json */; };
		389FC43C1B556EDE001D6F9B /* texts.json in Resources */ = {isa = PBXBuildFile; fileRef = 389FC4161B556EDE001D6F9B /* texts.json */; };
		389FC43D1B556EDE001D6F9B /* ticket.json in Resources */ = {isa = PBXBuildFile; fileRef = 389FC4181B556EDE001D6F9B /* ticket.json */; };
		389FC43E1B556EDE001D6F9B /* tickets.json in Resources */ = {isa = PBXBuildFile; fileRef = 389FC4191B556EDE001D6F9B /* tickets.json */; };
		38DB89FB1B527ADA000DC732 /* Voog.h in Headers */ = {isa = PBXBuildFile; fileRef = 38DB89FA1B527ADA000DC732 /* Voog.h */; settings = {ATTRIBUTES = (Public, ); }; };
		38DB8A021B527ADA000DC732 /* Voog.framework in Frameworks */ = {isa = PBXBuildFile; fileRef = 38DB89F71B527ADA000DC732 /* Voog.framework */; };
		38DB8A071B527ADA000DC732 /* VoogTests.swift in Sources */ = {isa = PBXBuildFile; fileRef = 38DB8A061B527ADA000DC732 /* VoogTests.swift */; };
		38DB8A131B527B26000DC732 /* VoogClient.swift in Sources */ = {isa = PBXBuildFile; fileRef = 38DB8A121B527B26000DC732 /* VoogClient.swift */; };
		38DB8A161B527BBC000DC732 /* Language.swift in Sources */ = {isa = PBXBuildFile; fileRef = 38DB8A151B527BBC000DC732 /* Language.swift */; };
		38DB8A191B5281EE000DC732 /* Layout.swift in Sources */ = {isa = PBXBuildFile; fileRef = 38DB8A181B5281EE000DC732 /* Layout.swift */; };
		794C8C524A0CD336D970126F /* Pods_VoogTests.framework in Frameworks */ = {isa = PBXBuildFile; fileRef = E94E0DEC5257CEB322388AD3 /* Pods_VoogTests.framework */; settings = {ATTRIBUTES = (Weak, ); }; };
		C728765E77B806ABDE74797B /* Pods_Voog.framework in Frameworks */ = {isa = PBXBuildFile; fileRef = C5E61101AD1D5411CE7D14A6 /* Pods_Voog.framework */; settings = {ATTRIBUTES = (Weak, ); }; };
/* End PBXBuildFile section */

/* Begin PBXContainerItemProxy section */
		38DB8A031B527ADA000DC732 /* PBXContainerItemProxy */ = {
			isa = PBXContainerItemProxy;
			containerPortal = 38DB89EE1B527ADA000DC732 /* Project object */;
			proxyType = 1;
			remoteGlobalIDString = 38DB89F61B527ADA000DC732;
			remoteInfo = Voog;
		};
/* End PBXContainerItemProxy section */

/* Begin PBXFileReference section */
		0742BFAB15F9A8DDA021E9FB /* Pods-VoogTests.debug.xcconfig */ = {isa = PBXFileReference; includeInIndex = 1; lastKnownFileType = text.xcconfig; name = "Pods-VoogTests.debug.xcconfig"; path = "Pods/Target Support Files/Pods-VoogTests/Pods-VoogTests.debug.xcconfig"; sourceTree = "<group>"; };
		389FC3E31B556EDE001D6F9B /* article.json */ = {isa = PBXFileReference; fileEncoding = 4; lastKnownFileType = text.json; path = article.json; sourceTree = "<group>"; };
		389FC3E41B556EDE001D6F9B /* articles.json */ = {isa = PBXFileReference; fileEncoding = 4; lastKnownFileType = text.json; path = articles.json; sourceTree = "<group>"; };
		389FC3E61B556EDE001D6F9B /* asset.json */ = {isa = PBXFileReference; fileEncoding = 4; lastKnownFileType = text.json; path = asset.json; sourceTree = "<group>"; };
		389FC3E71B556EDE001D6F9B /* assets.json */ = {isa = PBXFileReference; fileEncoding = 4; lastKnownFileType = text.json; path = assets.json; sourceTree = "<group>"; };
		389FC3E91B556EDE001D6F9B /* comment.json */ = {isa = PBXFileReference; fileEncoding = 4; lastKnownFileType = text.json; path = comment.json; sourceTree = "<group>"; };
		389FC3EA1B556EDE001D6F9B /* comments.json */ = {isa = PBXFileReference; fileEncoding = 4; lastKnownFileType = text.json; path = comments.json; sourceTree = "<group>"; };
		389FC3EC1B556EDE001D6F9B /* content_partial.json */ = {isa = PBXFileReference; fileEncoding = 4; lastKnownFileType = text.json; path = content_partial.json; sourceTree = "<group>"; };
		389FC3ED1B556EDE001D6F9B /* content_partials.json */ = {isa = PBXFileReference; fileEncoding = 4; lastKnownFileType = text.json; path = content_partials.json; sourceTree = "<group>"; };
		389FC3EF1B556EDE001D6F9B /* content.json */ = {isa = PBXFileReference; fileEncoding = 4; lastKnownFileType = text.json; path = content.json; sourceTree = "<group>"; };
		389FC3F01B556EDE001D6F9B /* contents.json */ = {isa = PBXFileReference; fileEncoding = 4; lastKnownFileType = text.json; path = contents.json; sourceTree = "<group>"; };
		389FC3F21B556EDE001D6F9B /* element_definition.json */ = {isa = PBXFileReference; fileEncoding = 4; lastKnownFileType = text.json; path = element_definition.json; sourceTree = "<group>"; };
		389FC3F31B556EDE001D6F9B /* element_definitions.json */ = {isa = PBXFileReference; fileEncoding = 4; lastKnownFileType = text.json; path = element_definitions.json; sourceTree = "<group>"; };
		389FC3F51B556EDE001D6F9B /* element.json */ = {isa = PBXFileReference; fileEncoding = 4; lastKnownFileType = text.json; path = element.json; sourceTree = "<group>"; };
		389FC3F61B556EDE001D6F9B /* elements.json */ = {isa = PBXFileReference; fileEncoding = 4; lastKnownFileType = text.json; path = elements.json; sourceTree = "<group>"; };
		389FC3F81B556EDE001D6F9B /* form.json */ = {isa = PBXFileReference; fileEncoding = 4; lastKnownFileType = text.json; path = form.json; sourceTree = "<group>"; };
		389FC3F91B556EDE001D6F9B /* forms.json */ = {isa = PBXFileReference; fileEncoding = 4; lastKnownFileType = text.json; path = forms.json; sourceTree = "<group>"; };
		389FC3FB1B556EDE001D6F9B /* language.json */ = {isa = PBXFileReference; fileEncoding = 4; lastKnownFileType = text.json; path = language.json; sourceTree = "<group>"; };
		389FC3FC1B556EDE001D6F9B /* languages.json */ = {isa = PBXFileReference; fileEncoding = 4; lastKnownFileType = text.json; path = languages.json; sourceTree = "<group>"; };
		389FC3FE1B556EDE001D6F9B /* layout_asset.json */ = {isa = PBXFileReference; fileEncoding = 4; lastKnownFileType = text.json; path = layout_asset.json; sourceTree = "<group>"; };
		389FC3FF1B556EDE001D6F9B /* layout_assets.json */ = {isa = PBXFileReference; fileEncoding = 4; lastKnownFileType = text.json; path = layout_assets.json; sourceTree = "<group>"; };
		389FC4011B556EDE001D6F9B /* layout.json */ = {isa = PBXFileReference; fileEncoding = 4; lastKnownFileType = text.json; path = layout.json; sourceTree = "<group>"; };
		389FC4021B556EDE001D6F9B /* layouts.json */ = {isa = PBXFileReference; fileEncoding = 4; lastKnownFileType = text.json; path = layouts.json; sourceTree = "<group>"; };
		389FC4041B556EDE001D6F9B /* media_set.json */ = {isa = PBXFileReference; fileEncoding = 4; lastKnownFileType = text.json; path = media_set.json; sourceTree = "<group>"; };
		389FC4051B556EDE001D6F9B /* media_sets.json */ = {isa = PBXFileReference; fileEncoding = 4; lastKnownFileType = text.json; path = media_sets.json; sourceTree = "<group>"; };
		389FC4071B556EDE001D6F9B /* node.json */ = {isa = PBXFileReference; fileEncoding = 4; lastKnownFileType = text.json; path = node.json; sourceTree = "<group>"; };
		389FC4081B556EDE001D6F9B /* nodes.json */ = {isa = PBXFileReference; fileEncoding = 4; lastKnownFileType = text.json; path = nodes.json; sourceTree = "<group>"; };
		389FC40A1B556EDE001D6F9B /* page.json */ = {isa = PBXFileReference; fileEncoding = 4; lastKnownFileType = text.json; path = page.json; sourceTree = "<group>"; };
		389FC40B1B556EDE001D6F9B /* pages.json */ = {isa = PBXFileReference; fileEncoding = 4; lastKnownFileType = text.json; path = pages.json; sourceTree = "<group>"; };
		389FC40D1B556EDE001D6F9B /* people.json */ = {isa = PBXFileReference; fileEncoding = 4; lastKnownFileType = text.json; path = people.json; sourceTree = "<group>"; };
		389FC40E1B556EDE001D6F9B /* person.json */ = {isa = PBXFileReference; fileEncoding = 4; lastKnownFileType = text.json; path = person.json; sourceTree = "<group>"; };
		389FC4101B556EDE001D6F9B /* site.json */ = {isa = PBXFileReference; fileEncoding = 4; lastKnownFileType = text.json; path = site.json; sourceTree = "<group>"; };
		389FC4121B556EDE001D6F9B /* tag.json */ = {isa = PBXFileReference; fileEncoding = 4; lastKnownFileType = text.json; path = tag.json; sourceTree = "<group>"; };
		389FC4131B556EDE001D6F9B /* tags.json */ = {isa = PBXFileReference; fileEncoding = 4; lastKnownFileType = text.json; path = tags.json; sourceTree = "<group>"; };
		389FC4151B556EDE001D6F9B /* text.json */ = {isa = PBXFileReference; fileEncoding = 4; lastKnownFileType = text.json; path = text.json; sourceTree = "<group>"; };
		389FC4161B556EDE001D6F9B /* texts.json */ = {isa = PBXFileReference; fileEncoding = 4; lastKnownFileType = text.json; path = texts.json; sourceTree = "<group>"; };
		389FC4181B556EDE001D6F9B /* ticket.json */ = {isa = PBXFileReference; fileEncoding = 4; lastKnownFileType = text.json; path = ticket.json; sourceTree = "<group>"; };
		389FC4191B556EDE001D6F9B /* tickets.json */ = {isa = PBXFileReference; fileEncoding = 4; lastKnownFileType = text.json; path = tickets.json; sourceTree = "<group>"; };
		38DB89F71B527ADA000DC732 /* Voog.framework */ = {isa = PBXFileReference; explicitFileType = wrapper.framework; includeInIndex = 0; path = Voog.framework; sourceTree = BUILT_PRODUCTS_DIR; };
		38DB89FA1B527ADA000DC732 /* Voog.h */ = {isa = PBXFileReference; lastKnownFileType = sourcecode.c.h; path = Voog.h; sourceTree = "<group>"; };
		38DB89FC1B527ADA000DC732 /* Info.plist */ = {isa = PBXFileReference; lastKnownFileType = text.plist.xml; path = Info.plist; sourceTree = "<group>"; };
		38DB8A011B527ADA000DC732 /* VoogTests.xctest */ = {isa = PBXFileReference; explicitFileType = wrapper.cfbundle; includeInIndex = 0; path = VoogTests.xctest; sourceTree = BUILT_PRODUCTS_DIR; };
		38DB8A061B527ADA000DC732 /* VoogTests.swift */ = {isa = PBXFileReference; lastKnownFileType = sourcecode.swift; path = VoogTests.swift; sourceTree = "<group>"; };
		38DB8A081B527ADA000DC732 /* Info.plist */ = {isa = PBXFileReference; lastKnownFileType = text.plist.xml; path = Info.plist; sourceTree = "<group>"; };
		38DB8A121B527B26000DC732 /* VoogClient.swift */ = {isa = PBXFileReference; fileEncoding = 4; lastKnownFileType = sourcecode.swift; path = VoogClient.swift; sourceTree = "<group>"; };
		38DB8A151B527BBC000DC732 /* Language.swift */ = {isa = PBXFileReference; fileEncoding = 4; lastKnownFileType = sourcecode.swift; path = Language.swift; sourceTree = "<group>"; };
		38DB8A181B5281EE000DC732 /* Layout.swift */ = {isa = PBXFileReference; fileEncoding = 4; lastKnownFileType = sourcecode.swift; path = Layout.swift; sourceTree = "<group>"; };
		38DB8A1F1B5283EC000DC732 /* SwiftyJSON.playground */ = {isa = PBXFileReference; lastKnownFileType = file.playground; path = SwiftyJSON.playground; sourceTree = "<group>"; };
		5DF56617F501147D378C3700 /* Pods-Voog.release.xcconfig */ = {isa = PBXFileReference; includeInIndex = 1; lastKnownFileType = text.xcconfig; name = "Pods-Voog.release.xcconfig"; path = "Pods/Target Support Files/Pods-Voog/Pods-Voog.release.xcconfig"; sourceTree = "<group>"; };
		6C59834AE15B8D642B71E247 /* Pods-Voog.debug.xcconfig */ = {isa = PBXFileReference; includeInIndex = 1; lastKnownFileType = text.xcconfig; name = "Pods-Voog.debug.xcconfig"; path = "Pods/Target Support Files/Pods-Voog/Pods-Voog.debug.xcconfig"; sourceTree = "<group>"; };
		C5E61101AD1D5411CE7D14A6 /* Pods_Voog.framework */ = {isa = PBXFileReference; explicitFileType = wrapper.framework; includeInIndex = 0; path = Pods_Voog.framework; sourceTree = BUILT_PRODUCTS_DIR; };
		CBF8285398B528B55FF338E1 /* Pods-VoogTests.release.xcconfig */ = {isa = PBXFileReference; includeInIndex = 1; lastKnownFileType = text.xcconfig; name = "Pods-VoogTests.release.xcconfig"; path = "Pods/Target Support Files/Pods-VoogTests/Pods-VoogTests.release.xcconfig"; sourceTree = "<group>"; };
		E94E0DEC5257CEB322388AD3 /* Pods_VoogTests.framework */ = {isa = PBXFileReference; explicitFileType = wrapper.framework; includeInIndex = 0; path = Pods_VoogTests.framework; sourceTree = BUILT_PRODUCTS_DIR; };
/* End PBXFileReference section */

/* Begin PBXFrameworksBuildPhase section */
		38DB89F31B527ADA000DC732 /* Frameworks */ = {
			isa = PBXFrameworksBuildPhase;
			buildActionMask = 2147483647;
			files = (
				C728765E77B806ABDE74797B /* Pods_Voog.framework in Frameworks */,
			);
			runOnlyForDeploymentPostprocessing = 0;
		};
		38DB89FE1B527ADA000DC732 /* Frameworks */ = {
			isa = PBXFrameworksBuildPhase;
			buildActionMask = 2147483647;
			files = (
				38DB8A021B527ADA000DC732 /* Voog.framework in Frameworks */,
				794C8C524A0CD336D970126F /* Pods_VoogTests.framework in Frameworks */,
			);
			runOnlyForDeploymentPostprocessing = 0;
		};
/* End PBXFrameworksBuildPhase section */

/* Begin PBXGroup section */
		389FC3E11B556EDE001D6F9B /* JSON */ = {
			isa = PBXGroup;
			children = (
				389FC3E21B556EDE001D6F9B /* articles */,
				389FC3E51B556EDE001D6F9B /* assets */,
				389FC3E81B556EDE001D6F9B /* comments */,
				389FC3EB1B556EDE001D6F9B /* content_partials */,
				389FC3EE1B556EDE001D6F9B /* contents */,
				389FC3F11B556EDE001D6F9B /* element_definitions */,
				389FC3F41B556EDE001D6F9B /* elements */,
				389FC3F71B556EDE001D6F9B /* forms */,
				389FC3FA1B556EDE001D6F9B /* languages */,
				389FC3FD1B556EDE001D6F9B /* layout_assets */,
				389FC4001B556EDE001D6F9B /* layouts */,
				389FC4031B556EDE001D6F9B /* media_sets */,
				389FC4061B556EDE001D6F9B /* nodes */,
				389FC4091B556EDE001D6F9B /* pages */,
				389FC40C1B556EDE001D6F9B /* people */,
				389FC40F1B556EDE001D6F9B /* site */,
				389FC4111B556EDE001D6F9B /* tags */,
				389FC4141B556EDE001D6F9B /* texts */,
				389FC4171B556EDE001D6F9B /* tickets */,
			);
			path = JSON;
			sourceTree = "<group>";
		};
		389FC3E21B556EDE001D6F9B /* articles */ = {
			isa = PBXGroup;
			children = (
				389FC3E31B556EDE001D6F9B /* article.json */,
				389FC3E41B556EDE001D6F9B /* articles.json */,
			);
			path = articles;
			sourceTree = "<group>";
		};
		389FC3E51B556EDE001D6F9B /* assets */ = {
			isa = PBXGroup;
			children = (
				389FC3E61B556EDE001D6F9B /* asset.json */,
				389FC3E71B556EDE001D6F9B /* assets.json */,
			);
			path = assets;
			sourceTree = "<group>";
		};
		389FC3E81B556EDE001D6F9B /* comments */ = {
			isa = PBXGroup;
			children = (
				389FC3E91B556EDE001D6F9B /* comment.json */,
				389FC3EA1B556EDE001D6F9B /* comments.json */,
			);
			path = comments;
			sourceTree = "<group>";
		};
		389FC3EB1B556EDE001D6F9B /* content_partials */ = {
			isa = PBXGroup;
			children = (
				389FC3EC1B556EDE001D6F9B /* content_partial.json */,
				389FC3ED1B556EDE001D6F9B /* content_partials.json */,
			);
			path = content_partials;
			sourceTree = "<group>";
		};
		389FC3EE1B556EDE001D6F9B /* contents */ = {
			isa = PBXGroup;
			children = (
				389FC3EF1B556EDE001D6F9B /* content.json */,
				389FC3F01B556EDE001D6F9B /* contents.json */,
			);
			path = contents;
			sourceTree = "<group>";
		};
		389FC3F11B556EDE001D6F9B /* element_definitions */ = {
			isa = PBXGroup;
			children = (
				389FC3F21B556EDE001D6F9B /* element_definition.json */,
				389FC3F31B556EDE001D6F9B /* element_definitions.json */,
			);
			path = element_definitions;
			sourceTree = "<group>";
		};
		389FC3F41B556EDE001D6F9B /* elements */ = {
			isa = PBXGroup;
			children = (
				389FC3F51B556EDE001D6F9B /* element.json */,
				389FC3F61B556EDE001D6F9B /* elements.json */,
			);
			path = elements;
			sourceTree = "<group>";
		};
		389FC3F71B556EDE001D6F9B /* forms */ = {
			isa = PBXGroup;
			children = (
				389FC3F81B556EDE001D6F9B /* form.json */,
				389FC3F91B556EDE001D6F9B /* forms.json */,
			);
			path = forms;
			sourceTree = "<group>";
		};
		389FC3FA1B556EDE001D6F9B /* languages */ = {
			isa = PBXGroup;
			children = (
				389FC3FB1B556EDE001D6F9B /* language.json */,
				389FC3FC1B556EDE001D6F9B /* languages.json */,
			);
			path = languages;
			sourceTree = "<group>";
		};
		389FC3FD1B556EDE001D6F9B /* layout_assets */ = {
			isa = PBXGroup;
			children = (
				389FC3FE1B556EDE001D6F9B /* layout_asset.json */,
				389FC3FF1B556EDE001D6F9B /* layout_assets.json */,
			);
			path = layout_assets;
			sourceTree = "<group>";
		};
		389FC4001B556EDE001D6F9B /* layouts */ = {
			isa = PBXGroup;
			children = (
				389FC4011B556EDE001D6F9B /* layout.json */,
				389FC4021B556EDE001D6F9B /* layouts.json */,
			);
			path = layouts;
			sourceTree = "<group>";
		};
		389FC4031B556EDE001D6F9B /* media_sets */ = {
			isa = PBXGroup;
			children = (
				389FC4041B556EDE001D6F9B /* media_set.json */,
				389FC4051B556EDE001D6F9B /* media_sets.json */,
			);
			path = media_sets;
			sourceTree = "<group>";
		};
		389FC4061B556EDE001D6F9B /* nodes */ = {
			isa = PBXGroup;
			children = (
				389FC4071B556EDE001D6F9B /* node.json */,
				389FC4081B556EDE001D6F9B /* nodes.json */,
			);
			path = nodes;
			sourceTree = "<group>";
		};
		389FC4091B556EDE001D6F9B /* pages */ = {
			isa = PBXGroup;
			children = (
				389FC40A1B556EDE001D6F9B /* page.json */,
				389FC40B1B556EDE001D6F9B /* pages.json */,
			);
			path = pages;
			sourceTree = "<group>";
		};
		389FC40C1B556EDE001D6F9B /* people */ = {
			isa = PBXGroup;
			children = (
				389FC40D1B556EDE001D6F9B /* people.json */,
				389FC40E1B556EDE001D6F9B /* person.json */,
			);
			path = people;
			sourceTree = "<group>";
		};
		389FC40F1B556EDE001D6F9B /* site */ = {
			isa = PBXGroup;
			children = (
				389FC4101B556EDE001D6F9B /* site.json */,
			);
			path = site;
			sourceTree = "<group>";
		};
		389FC4111B556EDE001D6F9B /* tags */ = {
			isa = PBXGroup;
			children = (
				389FC4121B556EDE001D6F9B /* tag.json */,
				389FC4131B556EDE001D6F9B /* tags.json */,
			);
			path = tags;
			sourceTree = "<group>";
		};
		389FC4141B556EDE001D6F9B /* texts */ = {
			isa = PBXGroup;
			children = (
				389FC4151B556EDE001D6F9B /* text.json */,
				389FC4161B556EDE001D6F9B /* texts.json */,
			);
			path = texts;
			sourceTree = "<group>";
		};
		389FC4171B556EDE001D6F9B /* tickets */ = {
			isa = PBXGroup;
			children = (
				389FC4181B556EDE001D6F9B /* ticket.json */,
				389FC4191B556EDE001D6F9B /* tickets.json */,
			);
			path = tickets;
			sourceTree = "<group>";
		};
		38DB89ED1B527ADA000DC732 = {
			isa = PBXGroup;
			children = (
				38DB89F91B527ADA000DC732 /* Voog */,
				38DB8A051B527ADA000DC732 /* VoogTests */,
				38DB89F81B527ADA000DC732 /* Products */,
				459D69580A85A650CD5EF89A /* Pods */,
				9B7D622D80B1737508135270 /* Frameworks */,
			);
			sourceTree = "<group>";
		};
		38DB89F81B527ADA000DC732 /* Products */ = {
			isa = PBXGroup;
			children = (
				38DB89F71B527ADA000DC732 /* Voog.framework */,
				38DB8A011B527ADA000DC732 /* VoogTests.xctest */,
			);
			name = Products;
			sourceTree = "<group>";
		};
		38DB89F91B527ADA000DC732 /* Voog */ = {
			isa = PBXGroup;
			children = (
				38DB8A1E1B5283AD000DC732 /* Playgrounds */,
				38DB8A111B527AF2000DC732 /* Supporting files */,
				38DB8A141B527BAD000DC732 /* Voog */,
				38DB8A171B527CAC000DC732 /* Models */,
			);
			path = Voog;
			sourceTree = "<group>";
		};
		38DB8A051B527ADA000DC732 /* VoogTests */ = {
			isa = PBXGroup;
			children = (
				389FC3E11B556EDE001D6F9B /* JSON */,
				38DB8A061B527ADA000DC732 /* VoogTests.swift */,
				38DB8A081B527ADA000DC732 /* Info.plist */,
			);
			path = VoogTests;
			sourceTree = "<group>";
		};
		38DB8A111B527AF2000DC732 /* Supporting files */ = {
			isa = PBXGroup;
			children = (
				38DB89FA1B527ADA000DC732 /* Voog.h */,
				38DB89FC1B527ADA000DC732 /* Info.plist */,
			);
			name = "Supporting files";
			sourceTree = "<group>";
		};
		38DB8A141B527BAD000DC732 /* Voog */ = {
			isa = PBXGroup;
			children = (
				38DB8A121B527B26000DC732 /* VoogClient.swift */,
			);
			name = Voog;
			sourceTree = "<group>";
		};
		38DB8A171B527CAC000DC732 /* Models */ = {
			isa = PBXGroup;
			children = (
				38DB8A151B527BBC000DC732 /* Language.swift */,
				38DB8A181B5281EE000DC732 /* Layout.swift */,
			);
			name = Models;
			sourceTree = "<group>";
		};
		38DB8A1E1B5283AD000DC732 /* Playgrounds */ = {
			isa = PBXGroup;
			children = (
				38DB8A1F1B5283EC000DC732 /* SwiftyJSON.playground */,
			);
			name = Playgrounds;
			sourceTree = "<group>";
		};
		459D69580A85A650CD5EF89A /* Pods */ = {
			isa = PBXGroup;
			children = (
				6C59834AE15B8D642B71E247 /* Pods-Voog.debug.xcconfig */,
				5DF56617F501147D378C3700 /* Pods-Voog.release.xcconfig */,
				0742BFAB15F9A8DDA021E9FB /* Pods-VoogTests.debug.xcconfig */,
				CBF8285398B528B55FF338E1 /* Pods-VoogTests.release.xcconfig */,
			);
			name = Pods;
			sourceTree = "<group>";
		};
		9B7D622D80B1737508135270 /* Frameworks */ = {
			isa = PBXGroup;
			children = (
				C5E61101AD1D5411CE7D14A6 /* Pods_Voog.framework */,
				E94E0DEC5257CEB322388AD3 /* Pods_VoogTests.framework */,
			);
			name = Frameworks;
			sourceTree = "<group>";
		};
/* End PBXGroup section */

/* Begin PBXHeadersBuildPhase section */
		38DB89F41B527ADA000DC732 /* Headers */ = {
			isa = PBXHeadersBuildPhase;
			buildActionMask = 2147483647;
			files = (
				38DB89FB1B527ADA000DC732 /* Voog.h in Headers */,
			);
			runOnlyForDeploymentPostprocessing = 0;
		};
/* End PBXHeadersBuildPhase section */

/* Begin PBXNativeTarget section */
		38DB89F61B527ADA000DC732 /* Voog */ = {
			isa = PBXNativeTarget;
			buildConfigurationList = 38DB8A0B1B527ADA000DC732 /* Build configuration list for PBXNativeTarget "Voog" */;
			buildPhases = (
				8AC2209F8A26C42DE8BC68D2 /* Check Pods Manifest.lock */,
				38DB89F21B527ADA000DC732 /* Sources */,
				38DB89F31B527ADA000DC732 /* Frameworks */,
				38DB89F41B527ADA000DC732 /* Headers */,
				38DB89F51B527ADA000DC732 /* Resources */,
				91C2DFB78692C44F8A187D56 /* Copy Pods Resources */,
			);
			buildRules = (
			);
			dependencies = (
			);
			name = Voog;
			productName = Voog;
			productReference = 38DB89F71B527ADA000DC732 /* Voog.framework */;
			productType = "com.apple.product-type.framework";
		};
		38DB8A001B527ADA000DC732 /* VoogTests */ = {
			isa = PBXNativeTarget;
			buildConfigurationList = 38DB8A0E1B527ADA000DC732 /* Build configuration list for PBXNativeTarget "VoogTests" */;
			buildPhases = (
				751C09A6EDB0CE92B6AFFFD0 /* Check Pods Manifest.lock */,
				38DB89FD1B527ADA000DC732 /* Sources */,
				38DB89FE1B527ADA000DC732 /* Frameworks */,
				38DB89FF1B527ADA000DC732 /* Resources */,
				32CA8C1E95175977F1F78D8E /* Embed Pods Frameworks */,
				CB29AD287D1F7BBAEE341CFB /* Copy Pods Resources */,
			);
			buildRules = (
			);
			dependencies = (
				38DB8A041B527ADA000DC732 /* PBXTargetDependency */,
			);
			name = VoogTests;
			productName = VoogTests;
			productReference = 38DB8A011B527ADA000DC732 /* VoogTests.xctest */;
			productType = "com.apple.product-type.bundle.unit-test";
		};
/* End PBXNativeTarget section */

/* Begin PBXProject section */
		38DB89EE1B527ADA000DC732 /* Project object */ = {
			isa = PBXProject;
			attributes = {
				LastSwiftUpdateCheck = 0700;
				LastUpgradeCheck = 0700;
				ORGANIZATIONNAME = Voog;
				TargetAttributes = {
					38DB89F61B527ADA000DC732 = {
						CreatedOnToolsVersion = 7.0;
					};
					38DB8A001B527ADA000DC732 = {
						CreatedOnToolsVersion = 7.0;
					};
				};
			};
			buildConfigurationList = 38DB89F11B527ADA000DC732 /* Build configuration list for PBXProject "Voog" */;
			compatibilityVersion = "Xcode 3.2";
			developmentRegion = English;
			hasScannedForEncodings = 0;
			knownRegions = (
				en,
			);
			mainGroup = 38DB89ED1B527ADA000DC732;
			productRefGroup = 38DB89F81B527ADA000DC732 /* Products */;
			projectDirPath = "";
			projectRoot = "";
			targets = (
				38DB89F61B527ADA000DC732 /* Voog */,
				38DB8A001B527ADA000DC732 /* VoogTests */,
			);
		};
/* End PBXProject section */

/* Begin PBXResourcesBuildPhase section */
		38DB89F51B527ADA000DC732 /* Resources */ = {
			isa = PBXResourcesBuildPhase;
			buildActionMask = 2147483647;
			files = (
			);
			runOnlyForDeploymentPostprocessing = 0;
		};
		38DB89FF1B527ADA000DC732 /* Resources */ = {
			isa = PBXResourcesBuildPhase;
			buildActionMask = 2147483647;
			files = (
				389FC4241B556EDE001D6F9B /* element_definition.json in Resources */,
				389FC4251B556EDE001D6F9B /* element_definitions.json in Resources */,
				389FC42D1B556EDE001D6F9B /* layout_assets.json in Resources */,
				389FC42C1B556EDE001D6F9B /* layout_asset.json in Resources */,
				389FC41C1B556EDE001D6F9B /* asset.json in Resources */,
				389FC43A1B556EDE001D6F9B /* tags.json in Resources */,
				389FC4311B556EDE001D6F9B /* media_sets.json in Resources */,
				389FC42B1B556EDE001D6F9B /* languages.json in Resources */,
				389FC43C1B556EDE001D6F9B /* texts.json in Resources */,
				389FC4231B556EDE001D6F9B /* contents.json in Resources */,
				389FC42F1B556EDE001D6F9B /* layouts.json in Resources */,
				389FC41B1B556EDE001D6F9B /* articles.json in Resources */,
				389FC42E1B556EDE001D6F9B /* layout.json in Resources */,
				389FC4321B556EDE001D6F9B /* node.json in Resources */,
				389FC4391B556EDE001D6F9B /* tag.json in Resources */,
				389FC4261B556EDE001D6F9B /* element.json in Resources */,
				389FC41D1B556EDE001D6F9B /* assets.json in Resources */,
				389FC4351B556EDE001D6F9B /* pages.json in Resources */,
				389FC41E1B556EDE001D6F9B /* comment.json in Resources */,
				389FC4361B556EDE001D6F9B /* people.json in Resources */,
				389FC41A1B556EDE001D6F9B /* article.json in Resources */,
				389FC43B1B556EDE001D6F9B /* text.json in Resources */,
				389FC4371B556EDE001D6F9B /* person.json in Resources */,
				389FC4291B556EDE001D6F9B /* forms.json in Resources */,
				389FC41F1B556EDE001D6F9B /* comments.json in Resources */,
				389FC4271B556EDE001D6F9B /* elements.json in Resources */,
				389FC4381B556EDE001D6F9B /* site.json in Resources */,
				389FC43D1B556EDE001D6F9B /* ticket.json in Resources */,
				389FC4201B556EDE001D6F9B /* content_partial.json in Resources */,
				389FC42A1B556EDE001D6F9B /* language.json in Resources */,
				389FC4281B556EDE001D6F9B /* form.json in Resources */,
				389FC4211B556EDE001D6F9B /* content_partials.json in Resources */,
				389FC4341B556EDE001D6F9B /* page.json in Resources */,
				389FC4331B556EDE001D6F9B /* nodes.json in Resources */,
				389FC43E1B556EDE001D6F9B /* tickets.json in Resources */,
				389FC4301B556EDE001D6F9B /* media_set.json in Resources */,
				389FC4221B556EDE001D6F9B /* content.json in Resources */,
			);
			runOnlyForDeploymentPostprocessing = 0;
		};
/* End PBXResourcesBuildPhase section */

/* Begin PBXShellScriptBuildPhase section */
		32CA8C1E95175977F1F78D8E /* Embed Pods Frameworks */ = {
			isa = PBXShellScriptBuildPhase;
			buildActionMask = 2147483647;
			files = (
			);
			inputPaths = (
			);
			name = "Embed Pods Frameworks";
			outputPaths = (
			);
			runOnlyForDeploymentPostprocessing = 0;
			shellPath = /bin/sh;
			shellScript = "\"${SRCROOT}/Pods/Target Support Files/Pods-VoogTests/Pods-VoogTests-frameworks.sh\"\n";
			showEnvVarsInLog = 0;
		};
		751C09A6EDB0CE92B6AFFFD0 /* Check Pods Manifest.lock */ = {
			isa = PBXShellScriptBuildPhase;
			buildActionMask = 2147483647;
			files = (
			);
			inputPaths = (
			);
			name = "Check Pods Manifest.lock";
			outputPaths = (
			);
			runOnlyForDeploymentPostprocessing = 0;
			shellPath = /bin/sh;
			shellScript = "diff \"${PODS_ROOT}/../Podfile.lock\" \"${PODS_ROOT}/Manifest.lock\" > /dev/null\nif [[ $? != 0 ]] ; then\n    cat << EOM\nerror: The sandbox is not in sync with the Podfile.lock. Run 'pod install' or update your CocoaPods installation.\nEOM\n    exit 1\nfi\n";
			showEnvVarsInLog = 0;
		};
		8AC2209F8A26C42DE8BC68D2 /* Check Pods Manifest.lock */ = {
			isa = PBXShellScriptBuildPhase;
			buildActionMask = 2147483647;
			files = (
			);
			inputPaths = (
			);
			name = "Check Pods Manifest.lock";
			outputPaths = (
			);
			runOnlyForDeploymentPostprocessing = 0;
			shellPath = /bin/sh;
			shellScript = "diff \"${PODS_ROOT}/../Podfile.lock\" \"${PODS_ROOT}/Manifest.lock\" > /dev/null\nif [[ $? != 0 ]] ; then\n    cat << EOM\nerror: The sandbox is not in sync with the Podfile.lock. Run 'pod install' or update your CocoaPods installation.\nEOM\n    exit 1\nfi\n";
			showEnvVarsInLog = 0;
		};
		91C2DFB78692C44F8A187D56 /* Copy Pods Resources */ = {
			isa = PBXShellScriptBuildPhase;
			buildActionMask = 2147483647;
			files = (
			);
			inputPaths = (
			);
			name = "Copy Pods Resources";
			outputPaths = (
			);
			runOnlyForDeploymentPostprocessing = 0;
			shellPath = /bin/sh;
			shellScript = "\"${SRCROOT}/Pods/Target Support Files/Pods-Voog/Pods-Voog-resources.sh\"\n";
			showEnvVarsInLog = 0;
		};
		CB29AD287D1F7BBAEE341CFB /* Copy Pods Resources */ = {
			isa = PBXShellScriptBuildPhase;
			buildActionMask = 2147483647;
			files = (
			);
			inputPaths = (
			);
			name = "Copy Pods Resources";
			outputPaths = (
			);
			runOnlyForDeploymentPostprocessing = 0;
			shellPath = /bin/sh;
			shellScript = "\"${SRCROOT}/Pods/Target Support Files/Pods-VoogTests/Pods-VoogTests-resources.sh\"\n";
			showEnvVarsInLog = 0;
		};
/* End PBXShellScriptBuildPhase section */

/* Begin PBXSourcesBuildPhase section */
		38DB89F21B527ADA000DC732 /* Sources */ = {
			isa = PBXSourcesBuildPhase;
			buildActionMask = 2147483647;
			files = (
				38DB8A131B527B26000DC732 /* VoogClient.swift in Sources */,
				38DB8A161B527BBC000DC732 /* Language.swift in Sources */,
				38DB8A191B5281EE000DC732 /* Layout.swift in Sources */,
			);
			runOnlyForDeploymentPostprocessing = 0;
		};
		38DB89FD1B527ADA000DC732 /* Sources */ = {
			isa = PBXSourcesBuildPhase;
			buildActionMask = 2147483647;
			files = (
				38DB8A071B527ADA000DC732 /* VoogTests.swift in Sources */,
			);
			runOnlyForDeploymentPostprocessing = 0;
		};
/* End PBXSourcesBuildPhase section */

/* Begin PBXTargetDependency section */
		38DB8A041B527ADA000DC732 /* PBXTargetDependency */ = {
			isa = PBXTargetDependency;
			target = 38DB89F61B527ADA000DC732 /* Voog */;
			targetProxy = 38DB8A031B527ADA000DC732 /* PBXContainerItemProxy */;
		};
/* End PBXTargetDependency section */

/* Begin XCBuildConfiguration section */
		38DB8A091B527ADA000DC732 /* Debug */ = {
			isa = XCBuildConfiguration;
			buildSettings = {
				ALWAYS_SEARCH_USER_PATHS = NO;
				CLANG_CXX_LANGUAGE_STANDARD = "gnu++0x";
				CLANG_CXX_LIBRARY = "libc++";
				CLANG_ENABLE_MODULES = YES;
				CLANG_ENABLE_OBJC_ARC = YES;
				CLANG_WARN_BOOL_CONVERSION = YES;
				CLANG_WARN_CONSTANT_CONVERSION = YES;
				CLANG_WARN_DIRECT_OBJC_ISA_USAGE = YES_ERROR;
				CLANG_WARN_EMPTY_BODY = YES;
				CLANG_WARN_ENUM_CONVERSION = YES;
				CLANG_WARN_INT_CONVERSION = YES;
				CLANG_WARN_OBJC_ROOT_CLASS = YES_ERROR;
				CLANG_WARN_UNREACHABLE_CODE = YES;
				CLANG_WARN__DUPLICATE_METHOD_MATCH = YES;
				COPY_PHASE_STRIP = NO;
				CURRENT_PROJECT_VERSION = 1;
				DEBUG_INFORMATION_FORMAT = dwarf;
				ENABLE_STRICT_OBJC_MSGSEND = YES;
				ENABLE_TESTABILITY = YES;
				GCC_C_LANGUAGE_STANDARD = gnu99;
				GCC_DYNAMIC_NO_PIC = NO;
				GCC_NO_COMMON_BLOCKS = YES;
				GCC_OPTIMIZATION_LEVEL = 0;
				GCC_PREPROCESSOR_DEFINITIONS = (
					"DEBUG=1",
					"$(inherited)",
				);
				GCC_WARN_64_TO_32_BIT_CONVERSION = YES;
				GCC_WARN_ABOUT_RETURN_TYPE = YES_ERROR;
				GCC_WARN_UNDECLARED_SELECTOR = YES;
				GCC_WARN_UNINITIALIZED_AUTOS = YES_AGGRESSIVE;
				GCC_WARN_UNUSED_FUNCTION = YES;
				GCC_WARN_UNUSED_VARIABLE = YES;
				MACOSX_DEPLOYMENT_TARGET = 10.10;
				MTL_ENABLE_DEBUG_INFO = YES;
				ONLY_ACTIVE_ARCH = YES;
				SDKROOT = macosx;
				SWIFT_OPTIMIZATION_LEVEL = "-Onone";
				VERSIONING_SYSTEM = "apple-generic";
				VERSION_INFO_PREFIX = "";
			};
			name = Debug;
		};
		38DB8A0A1B527ADA000DC732 /* Release */ = {
			isa = XCBuildConfiguration;
			buildSettings = {
				ALWAYS_SEARCH_USER_PATHS = NO;
				CLANG_CXX_LANGUAGE_STANDARD = "gnu++0x";
				CLANG_CXX_LIBRARY = "libc++";
				CLANG_ENABLE_MODULES = YES;
				CLANG_ENABLE_OBJC_ARC = YES;
				CLANG_WARN_BOOL_CONVERSION = YES;
				CLANG_WARN_CONSTANT_CONVERSION = YES;
				CLANG_WARN_DIRECT_OBJC_ISA_USAGE = YES_ERROR;
				CLANG_WARN_EMPTY_BODY = YES;
				CLANG_WARN_ENUM_CONVERSION = YES;
				CLANG_WARN_INT_CONVERSION = YES;
				CLANG_WARN_OBJC_ROOT_CLASS = YES_ERROR;
				CLANG_WARN_UNREACHABLE_CODE = YES;
				CLANG_WARN__DUPLICATE_METHOD_MATCH = YES;
				COPY_PHASE_STRIP = NO;
				CURRENT_PROJECT_VERSION = 1;
				DEBUG_INFORMATION_FORMAT = "dwarf-with-dsym";
				ENABLE_NS_ASSERTIONS = NO;
				ENABLE_STRICT_OBJC_MSGSEND = YES;
				GCC_C_LANGUAGE_STANDARD = gnu99;
				GCC_NO_COMMON_BLOCKS = YES;
				GCC_WARN_64_TO_32_BIT_CONVERSION = YES;
				GCC_WARN_ABOUT_RETURN_TYPE = YES_ERROR;
				GCC_WARN_UNDECLARED_SELECTOR = YES;
				GCC_WARN_UNINITIALIZED_AUTOS = YES_AGGRESSIVE;
				GCC_WARN_UNUSED_FUNCTION = YES;
				GCC_WARN_UNUSED_VARIABLE = YES;
				MACOSX_DEPLOYMENT_TARGET = 10.10;
				MTL_ENABLE_DEBUG_INFO = NO;
				SDKROOT = macosx;
				VERSIONING_SYSTEM = "apple-generic";
				VERSION_INFO_PREFIX = "";
			};
			name = Release;
		};
		38DB8A0C1B527ADA000DC732 /* Debug */ = {
			isa = XCBuildConfiguration;
			baseConfigurationReference = 6C59834AE15B8D642B71E247 /* Pods-Voog.debug.xcconfig */;
			buildSettings = {
				CLANG_ENABLE_MODULES = YES;
				COMBINE_HIDPI_IMAGES = YES;
				DEFINES_MODULE = YES;
				DYLIB_COMPATIBILITY_VERSION = 1;
				DYLIB_CURRENT_VERSION = 1;
				DYLIB_INSTALL_NAME_BASE = "@rpath";
				FRAMEWORK_VERSION = A;
				INFOPLIST_FILE = Voog/Info.plist;
				INSTALL_PATH = "$(LOCAL_LIBRARY_DIR)/Frameworks";
				LD_RUNPATH_SEARCH_PATHS = "$(inherited) @executable_path/../Frameworks @loader_path/Frameworks";
				PRODUCT_BUNDLE_IDENTIFIER = com.voog.Voog;
				PRODUCT_NAME = "$(TARGET_NAME)";
				SKIP_INSTALL = YES;
				SWIFT_OPTIMIZATION_LEVEL = "-Onone";
			};
			name = Debug;
		};
		38DB8A0D1B527ADA000DC732 /* Release */ = {
			isa = XCBuildConfiguration;
			baseConfigurationReference = 5DF56617F501147D378C3700 /* Pods-Voog.release.xcconfig */;
			buildSettings = {
				CLANG_ENABLE_MODULES = YES;
				COMBINE_HIDPI_IMAGES = YES;
				DEFINES_MODULE = YES;
				DYLIB_COMPATIBILITY_VERSION = 1;
				DYLIB_CURRENT_VERSION = 1;
				DYLIB_INSTALL_NAME_BASE = "@rpath";
				FRAMEWORK_VERSION = A;
				INFOPLIST_FILE = Voog/Info.plist;
				INSTALL_PATH = "$(LOCAL_LIBRARY_DIR)/Frameworks";
				LD_RUNPATH_SEARCH_PATHS = "$(inherited) @executable_path/../Frameworks @loader_path/Frameworks";
				PRODUCT_BUNDLE_IDENTIFIER = com.voog.Voog;
				PRODUCT_NAME = "$(TARGET_NAME)";
				SKIP_INSTALL = YES;
			};
			name = Release;
		};
		38DB8A0F1B527ADA000DC732 /* Debug */ = {
			isa = XCBuildConfiguration;
			baseConfigurationReference = 0742BFAB15F9A8DDA021E9FB /* Pods-VoogTests.debug.xcconfig */;
			buildSettings = {
				COMBINE_HIDPI_IMAGES = YES;
				INFOPLIST_FILE = VoogTests/Info.plist;
				LD_RUNPATH_SEARCH_PATHS = "$(inherited) @executable_path/../Frameworks @loader_path/../Frameworks";
				PRODUCT_BUNDLE_IDENTIFIER = com.voog.VoogTests;
				PRODUCT_NAME = "$(TARGET_NAME)";
			};
			name = Debug;
		};
		38DB8A101B527ADA000DC732 /* Release */ = {
			isa = XCBuildConfiguration;
			baseConfigurationReference = CBF8285398B528B55FF338E1 /* Pods-VoogTests.release.xcconfig */;
			buildSettings = {
				COMBINE_HIDPI_IMAGES = YES;
				INFOPLIST_FILE = VoogTests/Info.plist;
				LD_RUNPATH_SEARCH_PATHS = "$(inherited) @executable_path/../Frameworks @loader_path/../Frameworks";
				PRODUCT_BUNDLE_IDENTIFIER = com.voog.VoogTests;
				PRODUCT_NAME = "$(TARGET_NAME)";
			};
			name = Release;
		};
/* End XCBuildConfiguration section */

/* Begin XCConfigurationList section */
		38DB89F11B527ADA000DC732 /* Build configuration list for PBXProject "Voog" */ = {
			isa = XCConfigurationList;
			buildConfigurations = (
				38DB8A091B527ADA000DC732 /* Debug */,
				38DB8A0A1B527ADA000DC732 /* Release */,
			);
			defaultConfigurationIsVisible = 0;
			defaultConfigurationName = Release;
		};
		38DB8A0B1B527ADA000DC732 /* Build configuration list for PBXNativeTarget "Voog" */ = {
			isa = XCConfigurationList;
			buildConfigurations = (
				38DB8A0C1B527ADA000DC732 /* Debug */,
				38DB8A0D1B527ADA000DC732 /* Release */,
			);
			defaultConfigurationIsVisible = 0;
			defaultConfigurationName = Release;
		};
		38DB8A0E1B527ADA000DC732 /* Build configuration list for PBXNativeTarget "VoogTests" */ = {
			isa = XCConfigurationList;
			buildConfigurations = (
				38DB8A0F1B527ADA000DC732 /* Debug */,
				38DB8A101B527ADA000DC732 /* Release */,
			);
			defaultConfigurationIsVisible = 0;
			defaultConfigurationName = Release;
		};
/* End XCConfigurationList section */
	};
	rootObject = 38DB89EE1B527ADA000DC732 /* Project object */;
}
